
Microsoft Visual Studio Solution File, Format Version 12.00
Project("{FAE04EC0-301F-11D3-BF4B-00C04F79EFBC}") = "XinCraftSharp", "XinCraftSharp\XinCraftSharp.csproj", "{2081B04F-868B-457C-90F7-658BF29BB3A8}"
EndProject
Project("{FAE04EC0-301F-11D3-BF4B-00C04F79EFBC}") = "XinCraftSharp.Example", "XinCraftSharp.Example\XinCraftSharp.Example.csproj", "{5A4EA6F2-7E93-458A-B798-45002923341D}"
EndProject
Global
	GlobalSection(SolutionConfigurationPlatforms) = preSolution
		Debug|Any CPU = Debug|Any CPU
		Release|Any CPU = Release|Any CPU
	EndGlobalSection
	GlobalSection(ProjectConfigurationPlatforms) = postSolution
		{2081B04F-868B-457C-90F7-658BF29BB3A8}.Debug|Any CPU.ActiveCfg = Debug|Any CPU
		{2081B04F-868B-457C-90F7-658BF29BB3A8}.Debug|Any CPU.Build.0 = Debug|Any CPU
		{2081B04F-868B-457C-90F7-658BF29BB3A8}.Release|Any CPU.ActiveCfg = Release|Any CPU
		{2081B04F-868B-457C-90F7-658BF29BB3A8}.Release|Any CPU.Build.0 = Release|Any CPU
		{5A4EA6F2-7E93-458A-B798-45002923341D}.Debug|Any CPU.ActiveCfg = Debug|Any CPU
		{5A4EA6F2-7E93-458A-B798-45002923341D}.Debug|Any CPU.Build.0 = Debug|Any CPU
		{5A4EA6F2-7E93-458A-B798-45002923341D}.Release|Any CPU.ActiveCfg = Release|Any CPU
		{5A4EA6F2-7E93-458A-B798-45002923341D}.Release|Any CPU.Build.0 = Release|Any CPU
	EndGlobalSection
EndGlobal
